
Microsoft Visual Studio Solution File, Format Version 12.00
# Visual Studio Version 17
VisualStudioVersion = 17.10.34928.147
MinimumVisualStudioVersion = 10.0.40219.1
Project("{FAE04EC0-301F-11D3-BF4B-00C04F79EFBC}") = "NNIG_NeuralNetworkMath", "NNIG_NeuralNetworkMath\NNIG_NeuralNetworkMath.csproj", "{1DC57A12-5D00-4039-B033-3496DF7E57C8}"
EndProject
Project("{FAE04EC0-301F-11D3-BF4B-00C04F79EFBC}") = "NNIG_NeuralNetworkInterface", "NNIG_NeuralNetworkInterface\NNIG_NeuralNetworkInterface.csproj", "{05BFD0B7-6D23-4F52-AC33-F8E7FC96A8CF}"
EndProject
Project("{FAE04EC0-301F-11D3-BF4B-00C04F79EFBC}") = "Chart3DLib", "Chart3DLib\Chart3DLib.csproj", "{7AE2EAE6-4652-4C60-98A6-A71C0FCF35FD}"
EndProject
Global
	GlobalSection(SolutionConfigurationPlatforms) = preSolution
		Debug|Any CPU = Debug|Any CPU
		Release|Any CPU = Release|Any CPU
	EndGlobalSection
	GlobalSection(ProjectConfigurationPlatforms) = postSolution
		{1DC57A12-5D00-4039-B033-3496DF7E57C8}.Debug|Any CPU.ActiveCfg = Debug|Any CPU
		{1DC57A12-5D00-4039-B033-3496DF7E57C8}.Debug|Any CPU.Build.0 = Debug|Any CPU
		{1DC57A12-5D00-4039-B033-3496DF7E57C8}.Release|Any CPU.ActiveCfg = Release|Any CPU
		{1DC57A12-5D00-4039-B033-3496DF7E57C8}.Release|Any CPU.Build.0 = Release|Any CPU
		{05BFD0B7-6D23-4F52-AC33-F8E7FC96A8CF}.Debug|Any CPU.ActiveCfg = Debug|Any CPU
		{05BFD0B7-6D23-4F52-AC33-F8E7FC96A8CF}.Debug|Any CPU.Build.0 = Debug|Any CPU
		{05BFD0B7-6D23-4F52-AC33-F8E7FC96A8CF}.Release|Any CPU.ActiveCfg = Release|Any CPU
		{05BFD0B7-6D23-4F52-AC33-F8E7FC96A8CF}.Release|Any CPU.Build.0 = Release|Any CPU
		{7AE2EAE6-4652-4C60-98A6-A71C0FCF35FD}.Debug|Any CPU.ActiveCfg = Debug|Any CPU
		{7AE2EAE6-4652-4C60-98A6-A71C0FCF35FD}.Debug|Any CPU.Build.0 = Debug|Any CPU
		{7AE2EAE6-4652-4C60-98A6-A71C0FCF35FD}.Release|Any CPU.ActiveCfg = Release|Any CPU
		{7AE2EAE6-4652-4C60-98A6-A71C0FCF35FD}.Release|Any CPU.Build.0 = Release|Any CPU
	EndGlobalSection
	GlobalSection(SolutionProperties) = preSolution
		HideSolutionNode = FALSE
	EndGlobalSection
	GlobalSection(ExtensibilityGlobals) = postSolution
		SolutionGuid = {C6F3BE63-FCC4-4AAE-8F59-17494BA09DE5}
	EndGlobalSection
EndGlobal
